
Microsoft Visual Studio Solution File, Format Version 12.00
# Visual Studio Version 17
VisualStudioVersion = 17.13.35913.81 d17.13
MinimumVisualStudioVersion = 10.0.40219.1
Project("{FAE04EC0-301F-11D3-BF4B-00C04F79EFBC}") = "Service.RabbitMQProducer", "Service.RabbitMQProvider\Service.RabbitMQProducer.csproj", "{CAEA604C-5A5E-4064-B2DB-7E6CAD8F23CA}"
EndProject
Global
	GlobalSection(SolutionConfigurationPlatforms) = preSolution
		Debug|Any CPU = Debug|Any CPU
		Release|Any CPU = Release|Any CPU
	EndGlobalSection
	GlobalSection(ProjectConfigurationPlatforms) = postSolution
		{CAEA604C-5A5E-4064-B2DB-7E6CAD8F23CA}.Debug|Any CPU.ActiveCfg = Debug|Any CPU
		{CAEA604C-5A5E-4064-B2DB-7E6CAD8F23CA}.Debug|Any CPU.Build.0 = Debug|Any CPU
		{CAEA604C-5A5E-4064-B2DB-7E6CAD8F23CA}.Release|Any CPU.ActiveCfg = Release|Any CPU
		{CAEA604C-5A5E-4064-B2DB-7E6CAD8F23CA}.Release|Any CPU.Build.0 = Release|Any CPU
	EndGlobalSection
	GlobalSection(SolutionProperties) = preSolution
		HideSolutionNode = FALSE
	EndGlobalSection
	GlobalSection(ExtensibilityGlobals) = postSolution
		SolutionGuid = {D8567445-C328-437D-BE38-E19425E223A8}
	EndGlobalSection
EndGlobal
